
Microsoft Visual Studio Solution File, Format Version 12.00
# Visual Studio Version 17
VisualStudioVersion = 17.0.31903.59
MinimumVisualStudioVersion = 10.0.40219.1
Project("{FAE04EC0-301F-11D3-BF4B-00C04F79EFBC}") = "MarketplaceAPI", "MarketplaceAPI\MarketplaceAPI.csproj", "{D346A108-AC9F-40FF-8A2F-87BE5511F0AA}"
EndProject
Project("{FAE04EC0-301F-11D3-BF4B-00C04F79EFBC}") = "MarketplaceAPI.Tests", "MarketplaceAPI.Tests\MarketplaceAPI.Tests.csproj", "{7C70EFC4-E0E9-4AFA-8D2B-6B72F5975A0A}"
EndProject
Global
	GlobalSection(SolutionConfigurationPlatforms) = preSolution
		Debug|Any CPU = Debug|Any CPU
		Release|Any CPU = Release|Any CPU
	EndGlobalSection
	GlobalSection(SolutionProperties) = preSolution
		HideSolutionNode = FALSE
	EndGlobalSection
	GlobalSection(ProjectConfigurationPlatforms) = postSolution
		{D346A108-AC9F-40FF-8A2F-87BE5511F0AA}.Debug|Any CPU.ActiveCfg = Debug|Any CPU
		{D346A108-AC9F-40FF-8A2F-87BE5511F0AA}.Debug|Any CPU.Build.0 = Debug|Any CPU
		{D346A108-AC9F-40FF-8A2F-87BE5511F0AA}.Release|Any CPU.ActiveCfg = Release|Any CPU
		{D346A108-AC9F-40FF-8A2F-87BE5511F0AA}.Release|Any CPU.Build.0 = Release|Any CPU
		{BA3CE8A1-C047-47A7-B100-98619B05A001}.Debug|Any CPU.ActiveCfg = Debug|Any CPU
		{BA3CE8A1-C047-47A7-B100-98619B05A001}.Debug|Any CPU.Build.0 = Debug|Any CPU
		{BA3CE8A1-C047-47A7-B100-98619B05A001}.Release|Any CPU.ActiveCfg = Release|Any CPU
		{BA3CE8A1-C047-47A7-B100-98619B05A001}.Release|Any CPU.Build.0 = Release|Any CPU
		{7C70EFC4-E0E9-4AFA-8D2B-6B72F5975A0A}.Debug|Any CPU.ActiveCfg = Debug|Any CPU
		{7C70EFC4-E0E9-4AFA-8D2B-6B72F5975A0A}.Debug|Any CPU.Build.0 = Debug|Any CPU
		{7C70EFC4-E0E9-4AFA-8D2B-6B72F5975A0A}.Release|Any CPU.ActiveCfg = Release|Any CPU
		{7C70EFC4-E0E9-4AFA-8D2B-6B72F5975A0A}.Release|Any CPU.Build.0 = Release|Any CPU
	EndGlobalSection
EndGlobal
